// !$*UTF8*$!
{
	archiveVersion = 1;
	classes = {
	};
	objectVersion = 56;
	objects = {

/* Begin PBXBuildFile section */
		873BBDD3571D9D2F147EB881 /* Pods_tdd_blogTests.framework in Frameworks */ = {isa = PBXBuildFile; fileRef = 00A4096A53EEAFAA6C5A180E /* Pods_tdd_blogTests.framework */; };
		890B864C2BBB7EDB001E0BAE /* AppDelegate.swift in Sources */ = {isa = PBXBuildFile; fileRef = 890B864B2BBB7EDB001E0BAE /* AppDelegate.swift */; };
		890B864E2BBB7EDC001E0BAE /* SceneDelegate.swift in Sources */ = {isa = PBXBuildFile; fileRef = 890B864D2BBB7EDC001E0BAE /* SceneDelegate.swift */; };
		890B86502BBB7EDC001E0BAE /* ViewController.swift in Sources */ = {isa = PBXBuildFile; fileRef = 890B864F2BBB7EDC001E0BAE /* ViewController.swift */; };
		890B86532BBB7EDC001E0BAE /* Main.storyboard in Resources */ = {isa = PBXBuildFile; fileRef = 890B86512BBB7EDC001E0BAE /* Main.storyboard */; };
		890B86552BBB7EDE001E0BAE /* Assets.xcassets in Resources */ = {isa = PBXBuildFile; fileRef = 890B86542BBB7EDE001E0BAE /* Assets.xcassets */; };
		890B86582BBB7EDE001E0BAE /* LaunchScreen.storyboard in Resources */ = {isa = PBXBuildFile; fileRef = 890B86562BBB7EDE001E0BAE /* LaunchScreen.storyboard */; };
		890B86632BBB7EDE001E0BAE /* tdd_blogTests.swift in Sources */ = {isa = PBXBuildFile; fileRef = 890B86622BBB7EDE001E0BAE /* tdd_blogTests.swift */; };
		890B866D2BBB7EDE001E0BAE /* tdd_blogUITests.swift in Sources */ = {isa = PBXBuildFile; fileRef = 890B866C2BBB7EDE001E0BAE /* tdd_blogUITests.swift */; };
		890B866F2BBB7EDE001E0BAE /* tdd_blogUITestsLaunchTests.swift in Sources */ = {isa = PBXBuildFile; fileRef = 890B866E2BBB7EDE001E0BAE /* tdd_blogUITestsLaunchTests.swift */; };
		899623332BBB7F16003A45A2 /* App.swift in Sources */ = {isa = PBXBuildFile; fileRef = 899623322BBB7F16003A45A2 /* App.swift */; };
		BDA0F33C31261AD854D977C6 /* Pods_tdd_blog.framework in Frameworks */ = {isa = PBXBuildFile; fileRef = 5D2BF32EAD103865FEEBF128 /* Pods_tdd_blog.framework */; };
/* End PBXBuildFile section */

/* Begin PBXContainerItemProxy section */
		890B865F2BBB7EDE001E0BAE /* PBXContainerItemProxy */ = {
			isa = PBXContainerItemProxy;
			containerPortal = 890B86402BBB7EDB001E0BAE /* Project object */;
			proxyType = 1;
			remoteGlobalIDString = 890B86472BBB7EDB001E0BAE;
			remoteInfo = "tdd-blog";
		};
		890B86692BBB7EDE001E0BAE /* PBXContainerItemProxy */ = {
			isa = PBXContainerItemProxy;
			containerPortal = 890B86402BBB7EDB001E0BAE /* Project object */;
			proxyType = 1;
			remoteGlobalIDString = 890B86472BBB7EDB001E0BAE;
			remoteInfo = "tdd-blog";
		};
/* End PBXContainerItemProxy section */

/* Begin PBXFileReference section */
		00A4096A53EEAFAA6C5A180E /* Pods_tdd_blogTests.framework */ = {isa = PBXFileReference; explicitFileType = wrapper.framework; includeInIndex = 0; path = Pods_tdd_blogTests.framework; sourceTree = BUILT_PRODUCTS_DIR; };
		1A45E0053F0EB85472F2C374 /* Pods-tdd-blog.debug.xcconfig */ = {isa = PBXFileReference; includeInIndex = 1; lastKnownFileType = text.xcconfig; name = "Pods-tdd-blog.debug.xcconfig"; path = "Target Support Files/Pods-tdd-blog/Pods-tdd-blog.debug.xcconfig"; sourceTree = "<group>"; };
		515ADB35B3BC868564E6B9D1 /* Pods-tdd-blogTests.release.xcconfig */ = {isa = PBXFileReference; includeInIndex = 1; lastKnownFileType = text.xcconfig; name = "Pods-tdd-blogTests.release.xcconfig"; path = "Target Support Files/Pods-tdd-blogTests/Pods-tdd-blogTests.release.xcconfig"; sourceTree = "<group>"; };
		5CDB914CFA99FFFD0010960A /* Pods-tdd-blogTests.debug.xcconfig */ = {isa = PBXFileReference; includeInIndex = 1; lastKnownFileType = text.xcconfig; name = "Pods-tdd-blogTests.debug.xcconfig"; path = "Target Support Files/Pods-tdd-blogTests/Pods-tdd-blogTests.debug.xcconfig"; sourceTree = "<group>"; };
		5D2BF32EAD103865FEEBF128 /* Pods_tdd_blog.framework */ = {isa = PBXFileReference; explicitFileType = wrapper.framework; includeInIndex = 0; path = Pods_tdd_blog.framework; sourceTree = BUILT_PRODUCTS_DIR; };
		890B86482BBB7EDB001E0BAE /* tdd-blog.app */ = {isa = PBXFileReference; explicitFileType = wrapper.application; includeInIndex = 0; path = "tdd-blog.app"; sourceTree = BUILT_PRODUCTS_DIR; };
		890B864B2BBB7EDB001E0BAE /* AppDelegate.swift */ = {isa = PBXFileReference; lastKnownFileType = sourcecode.swift; path = AppDelegate.swift; sourceTree = "<group>"; };
		890B864D2BBB7EDC001E0BAE /* SceneDelegate.swift */ = {isa = PBXFileReference; lastKnownFileType = sourcecode.swift; path = SceneDelegate.swift; sourceTree = "<group>"; };
		890B864F2BBB7EDC001E0BAE /* ViewController.swift */ = {isa = PBXFileReference; lastKnownFileType = sourcecode.swift; path = ViewController.swift; sourceTree = "<group>"; };
		890B86522BBB7EDC001E0BAE /* Base */ = {isa = PBXFileReference; lastKnownFileType = file.storyboard; name = Base; path = Base.lproj/Main.storyboard; sourceTree = "<group>"; };
		890B86542BBB7EDE001E0BAE /* Assets.xcassets */ = {isa = PBXFileReference; lastKnownFileType = folder.assetcatalog; path = Assets.xcassets; sourceTree = "<group>"; };
		890B86572BBB7EDE001E0BAE /* Base */ = {isa = PBXFileReference; lastKnownFileType = file.storyboard; name = Base; path = Base.lproj/LaunchScreen.storyboard; sourceTree = "<group>"; };
		890B86592BBB7EDE001E0BAE /* Info.plist */ = {isa = PBXFileReference; lastKnownFileType = text.plist.xml; path = Info.plist; sourceTree = "<group>"; };
		890B865E2BBB7EDE001E0BAE /* tdd-blogTests.xctest */ = {isa = PBXFileReference; explicitFileType = wrapper.cfbundle; includeInIndex = 0; path = "tdd-blogTests.xctest"; sourceTree = BUILT_PRODUCTS_DIR; };
		890B86622BBB7EDE001E0BAE /* tdd_blogTests.swift */ = {isa = PBXFileReference; lastKnownFileType = sourcecode.swift; path = tdd_blogTests.swift; sourceTree = "<group>"; };
		890B86682BBB7EDE001E0BAE /* tdd-blogUITests.xctest */ = {isa = PBXFileReference; explicitFileType = wrapper.cfbundle; includeInIndex = 0; path = "tdd-blogUITests.xctest"; sourceTree = BUILT_PRODUCTS_DIR; };
		890B866C2BBB7EDE001E0BAE /* tdd_blogUITests.swift */ = {isa = PBXFileReference; lastKnownFileType = sourcecode.swift; path = tdd_blogUITests.swift; sourceTree = "<group>"; };
		890B866E2BBB7EDE001E0BAE /* tdd_blogUITestsLaunchTests.swift */ = {isa = PBXFileReference; lastKnownFileType = sourcecode.swift; path = tdd_blogUITestsLaunchTests.swift; sourceTree = "<group>"; };
		899623322BBB7F16003A45A2 /* App.swift */ = {isa = PBXFileReference; lastKnownFileType = sourcecode.swift; path = App.swift; sourceTree = "<group>"; };
		A7CD349B0729A6F4C4EE4711 /* Pods-tdd-blog.release.xcconfig */ = {isa = PBXFileReference; includeInIndex = 1; lastKnownFileType = text.xcconfig; name = "Pods-tdd-blog.release.xcconfig"; path = "Target Support Files/Pods-tdd-blog/Pods-tdd-blog.release.xcconfig"; sourceTree = "<group>"; };
/* End PBXFileReference section */

/* Begin PBXFrameworksBuildPhase section */
		890B86452BBB7EDB001E0BAE /* Frameworks */ = {
			isa = PBXFrameworksBuildPhase;
			buildActionMask = 2147483647;
			files = (
				BDA0F33C31261AD854D977C6 /* Pods_tdd_blog.framework in Frameworks */,
			);
			runOnlyForDeploymentPostprocessing = 0;
		};
		890B865B2BBB7EDE001E0BAE /* Frameworks */ = {
			isa = PBXFrameworksBuildPhase;
			buildActionMask = 2147483647;
			files = (
				873BBDD3571D9D2F147EB881 /* Pods_tdd_blogTests.framework in Frameworks */,
			);
			runOnlyForDeploymentPostprocessing = 0;
		};
		890B86652BBB7EDE001E0BAE /* Frameworks */ = {
			isa = PBXFrameworksBuildPhase;
			buildActionMask = 2147483647;
			files = (
			);
			runOnlyForDeploymentPostprocessing = 0;
		};
/* End PBXFrameworksBuildPhase section */

/* Begin PBXGroup section */
		0BE89D291C9B849CD7BE2331 /* Frameworks */ = {
			isa = PBXGroup;
			children = (
				5D2BF32EAD103865FEEBF128 /* Pods_tdd_blog.framework */,
				00A4096A53EEAFAA6C5A180E /* Pods_tdd_blogTests.framework */,
			);
			name = Frameworks;
			sourceTree = "<group>";
		};
		890B863F2BBB7EDB001E0BAE = {
			isa = PBXGroup;
			children = (
				890B864A2BBB7EDB001E0BAE /* tdd-blog */,
				890B86612BBB7EDE001E0BAE /* tdd-blogTests */,
				890B866B2BBB7EDE001E0BAE /* tdd-blogUITests */,
				890B86492BBB7EDB001E0BAE /* Products */,
				BCAD956709A9BE83DF19029F /* Pods */,
				0BE89D291C9B849CD7BE2331 /* Frameworks */,
			);
			sourceTree = "<group>";
		};
		890B86492BBB7EDB001E0BAE /* Products */ = {
			isa = PBXGroup;
			children = (
				890B86482BBB7EDB001E0BAE /* tdd-blog.app */,
				890B865E2BBB7EDE001E0BAE /* tdd-blogTests.xctest */,
				890B86682BBB7EDE001E0BAE /* tdd-blogUITests.xctest */,
			);
			name = Products;
			sourceTree = "<group>";
		};
		890B864A2BBB7EDB001E0BAE /* tdd-blog */ = {
			isa = PBXGroup;
			children = (
				899623312BBB7F08003A45A2 /* App */,
				890B864B2BBB7EDB001E0BAE /* AppDelegate.swift */,
				890B864D2BBB7EDC001E0BAE /* SceneDelegate.swift */,
				890B864F2BBB7EDC001E0BAE /* ViewController.swift */,
				890B86512BBB7EDC001E0BAE /* Main.storyboard */,
				890B86542BBB7EDE001E0BAE /* Assets.xcassets */,
				890B86562BBB7EDE001E0BAE /* LaunchScreen.storyboard */,
				890B86592BBB7EDE001E0BAE /* Info.plist */,
			);
			path = "tdd-blog";
			sourceTree = "<group>";
		};
		890B86612BBB7EDE001E0BAE /* tdd-blogTests */ = {
			isa = PBXGroup;
			children = (
				890B86622BBB7EDE001E0BAE /* tdd_blogTests.swift */,
			);
			path = "tdd-blogTests";
			sourceTree = "<group>";
		};
		890B866B2BBB7EDE001E0BAE /* tdd-blogUITests */ = {
			isa = PBXGroup;
			children = (
				890B866C2BBB7EDE001E0BAE /* tdd_blogUITests.swift */,
				890B866E2BBB7EDE001E0BAE /* tdd_blogUITestsLaunchTests.swift */,
			);
			path = "tdd-blogUITests";
			sourceTree = "<group>";
		};
		899623312BBB7F08003A45A2 /* App */ = {
			isa = PBXGroup;
			children = (
				899623322BBB7F16003A45A2 /* App.swift */,
			);
			name = App;
			sourceTree = "<group>";
		};
		BCAD956709A9BE83DF19029F /* Pods */ = {
			isa = PBXGroup;
			children = (
				1A45E0053F0EB85472F2C374 /* Pods-tdd-blog.debug.xcconfig */,
				A7CD349B0729A6F4C4EE4711 /* Pods-tdd-blog.release.xcconfig */,
				5CDB914CFA99FFFD0010960A /* Pods-tdd-blogTests.debug.xcconfig */,
				515ADB35B3BC868564E6B9D1 /* Pods-tdd-blogTests.release.xcconfig */,
			);
			name = Pods;
			path = Pods;
			sourceTree = "<group>";
		};
/* End PBXGroup section */

/* Begin PBXNativeTarget section */
		890B86472BBB7EDB001E0BAE /* tdd-blog */ = {
			isa = PBXNativeTarget;
			buildConfigurationList = 890B86722BBB7EDE001E0BAE /* Build configuration list for PBXNativeTarget "tdd-blog" */;
			buildPhases = (
				DF2B3EB2FFCF384CF3640E6B /* [CP] Check Pods Manifest.lock */,
				890B86442BBB7EDB001E0BAE /* Sources */,
				890B86452BBB7EDB001E0BAE /* Frameworks */,
				890B86462BBB7EDB001E0BAE /* Resources */,
			);
			buildRules = (
			);
			dependencies = (
			);
			name = "tdd-blog";
			productName = "tdd-blog";
			productReference = 890B86482BBB7EDB001E0BAE /* tdd-blog.app */;
			productType = "com.apple.product-type.application";
		};
		890B865D2BBB7EDE001E0BAE /* tdd-blogTests */ = {
			isa = PBXNativeTarget;
			buildConfigurationList = 890B86752BBB7EDE001E0BAE /* Build configuration list for PBXNativeTarget "tdd-blogTests" */;
			buildPhases = (
				BFCE5AA12D9A5B87BB8710CB /* [CP] Check Pods Manifest.lock */,
				890B865A2BBB7EDE001E0BAE /* Sources */,
				890B865B2BBB7EDE001E0BAE /* Frameworks */,
				890B865C2BBB7EDE001E0BAE /* Resources */,
				4CDEF1449D3103427FE5F99E /* [CP] Embed Pods Frameworks */,
			);
			buildRules = (
			);
			dependencies = (
				890B86602BBB7EDE001E0BAE /* PBXTargetDependency */,
			);
			name = "tdd-blogTests";
			productName = "tdd-blogTests";
			productReference = 890B865E2BBB7EDE001E0BAE /* tdd-blogTests.xctest */;
			productType = "com.apple.product-type.bundle.unit-test";
		};
		890B86672BBB7EDE001E0BAE /* tdd-blogUITests */ = {
			isa = PBXNativeTarget;
			buildConfigurationList = 890B86782BBB7EDE001E0BAE /* Build configuration list for PBXNativeTarget "tdd-blogUITests" */;
			buildPhases = (
				890B86642BBB7EDE001E0BAE /* Sources */,
				890B86652BBB7EDE001E0BAE /* Frameworks */,
				890B86662BBB7EDE001E0BAE /* Resources */,
			);
			buildRules = (
			);
			dependencies = (
				890B866A2BBB7EDE001E0BAE /* PBXTargetDependency */,
			);
			name = "tdd-blogUITests";
			productName = "tdd-blogUITests";
			productReference = 890B86682BBB7EDE001E0BAE /* tdd-blogUITests.xctest */;
			productType = "com.apple.product-type.bundle.ui-testing";
		};
/* End PBXNativeTarget section */

/* Begin PBXProject section */
		890B86402BBB7EDB001E0BAE /* Project object */ = {
			isa = PBXProject;
			attributes = {
				BuildIndependentTargetsInParallel = 1;
				LastSwiftUpdateCheck = 1520;
				LastUpgradeCheck = 1520;
				TargetAttributes = {
					890B86472BBB7EDB001E0BAE = {
						CreatedOnToolsVersion = 15.2;
					};
					890B865D2BBB7EDE001E0BAE = {
						CreatedOnToolsVersion = 15.2;
						TestTargetID = 890B86472BBB7EDB001E0BAE;
					};
					890B86672BBB7EDE001E0BAE = {
						CreatedOnToolsVersion = 15.2;
						TestTargetID = 890B86472BBB7EDB001E0BAE;
					};
				};
			};
			buildConfigurationList = 890B86432BBB7EDB001E0BAE /* Build configuration list for PBXProject "tdd-blog" */;
			compatibilityVersion = "Xcode 14.0";
			developmentRegion = en;
			hasScannedForEncodings = 0;
			knownRegions = (
				en,
				Base,
			);
			mainGroup = 890B863F2BBB7EDB001E0BAE;
			productRefGroup = 890B86492BBB7EDB001E0BAE /* Products */;
			projectDirPath = "";
			projectRoot = "";
			targets = (
				890B86472BBB7EDB001E0BAE /* tdd-blog */,
				890B865D2BBB7EDE001E0BAE /* tdd-blogTests */,
				890B86672BBB7EDE001E0BAE /* tdd-blogUITests */,
			);
		};
/* End PBXProject section */

/* Begin PBXResourcesBuildPhase section */
		890B86462BBB7EDB001E0BAE /* Resources */ = {
			isa = PBXResourcesBuildPhase;
			buildActionMask = 2147483647;
			files = (
				890B86582BBB7EDE001E0BAE /* LaunchScreen.storyboard in Resources */,
				890B86552BBB7EDE001E0BAE /* Assets.xcassets in Resources */,
				890B86532BBB7EDC001E0BAE /* Main.storyboard in Resources */,
			);
			runOnlyForDeploymentPostprocessing = 0;
		};
		890B865C2BBB7EDE001E0BAE /* Resources */ = {
			isa = PBXResourcesBuildPhase;
			buildActionMask = 2147483647;
			files = (
			);
			runOnlyForDeploymentPostprocessing = 0;
		};
		890B86662BBB7EDE001E0BAE /* Resources */ = {
			isa = PBXResourcesBuildPhase;
			buildActionMask = 2147483647;
			files = (
			);
			runOnlyForDeploymentPostprocessing = 0;
		};
/* End PBXResourcesBuildPhase section */

/* Begin PBXShellScriptBuildPhase section */
		4CDEF1449D3103427FE5F99E /* [CP] Embed Pods Frameworks */ = {
			isa = PBXShellScriptBuildPhase;
			buildActionMask = 2147483647;
			files = (
			);
			inputFileListPaths = (
				"${PODS_ROOT}/Target Support Files/Pods-tdd-blogTests/Pods-tdd-blogTests-frameworks-${CONFIGURATION}-input-files.xcfilelist",
			);
			name = "[CP] Embed Pods Frameworks";
			outputFileListPaths = (
				"${PODS_ROOT}/Target Support Files/Pods-tdd-blogTests/Pods-tdd-blogTests-frameworks-${CONFIGURATION}-output-files.xcfilelist",
			);
			runOnlyForDeploymentPostprocessing = 0;
			shellPath = /bin/sh;
			shellScript = "\"${PODS_ROOT}/Target Support Files/Pods-tdd-blogTests/Pods-tdd-blogTests-frameworks.sh\"\n";
			showEnvVarsInLog = 0;
		};
		BFCE5AA12D9A5B87BB8710CB /* [CP] Check Pods Manifest.lock */ = {
			isa = PBXShellScriptBuildPhase;
			buildActionMask = 2147483647;
			files = (
			);
			inputFileListPaths = (
			);
			inputPaths = (
				"${PODS_PODFILE_DIR_PATH}/Podfile.lock",
				"${PODS_ROOT}/Manifest.lock",
			);
			name = "[CP] Check Pods Manifest.lock";
			outputFileListPaths = (
			);
			outputPaths = (
				"$(DERIVED_FILE_DIR)/Pods-tdd-blogTests-checkManifestLockResult.txt",
			);
			runOnlyForDeploymentPostprocessing = 0;
			shellPath = /bin/sh;
			shellScript = "diff \"${PODS_PODFILE_DIR_PATH}/Podfile.lock\" \"${PODS_ROOT}/Manifest.lock\" > /dev/null\nif [ $? != 0 ] ; then\n    # print error to STDERR\n    echo \"error: The sandbox is not in sync with the Podfile.lock. Run 'pod install' or update your CocoaPods installation.\" >&2\n    exit 1\nfi\n# This output is used by Xcode 'outputs' to avoid re-running this script phase.\necho \"SUCCESS\" > \"${SCRIPT_OUTPUT_FILE_0}\"\n";
			showEnvVarsInLog = 0;
		};
		DF2B3EB2FFCF384CF3640E6B /* [CP] Check Pods Manifest.lock */ = {
			isa = PBXShellScriptBuildPhase;
			buildActionMask = 2147483647;
			files = (
			);
			inputFileListPaths = (
			);
			inputPaths = (
				"${PODS_PODFILE_DIR_PATH}/Podfile.lock",
				"${PODS_ROOT}/Manifest.lock",
			);
			name = "[CP] Check Pods Manifest.lock";
			outputFileListPaths = (
			);
			outputPaths = (
				"$(DERIVED_FILE_DIR)/Pods-tdd-blog-checkManifestLockResult.txt",
			);
			runOnlyForDeploymentPostprocessing = 0;
			shellPath = /bin/sh;
			shellScript = "diff \"${PODS_PODFILE_DIR_PATH}/Podfile.lock\" \"${PODS_ROOT}/Manifest.lock\" > /dev/null\nif [ $? != 0 ] ; then\n    # print error to STDERR\n    echo \"error: The sandbox is not in sync with the Podfile.lock. Run 'pod install' or update your CocoaPods installation.\" >&2\n    exit 1\nfi\n# This output is used by Xcode 'outputs' to avoid re-running this script phase.\necho \"SUCCESS\" > \"${SCRIPT_OUTPUT_FILE_0}\"\n";
			showEnvVarsInLog = 0;
		};
/* End PBXShellScriptBuildPhase section */

/* Begin PBXSourcesBuildPhase section */
		890B86442BBB7EDB001E0BAE /* Sources */ = {
			isa = PBXSourcesBuildPhase;
			buildActionMask = 2147483647;
			files = (
				890B86502BBB7EDC001E0BAE /* ViewController.swift in Sources */,
				899623332BBB7F16003A45A2 /* App.swift in Sources */,
				890B864C2BBB7EDB001E0BAE /* AppDelegate.swift in Sources */,
				890B864E2BBB7EDC001E0BAE /* SceneDelegate.swift in Sources */,
			);
			runOnlyForDeploymentPostprocessing = 0;
		};
		890B865A2BBB7EDE001E0BAE /* Sources */ = {
			isa = PBXSourcesBuildPhase;
			buildActionMask = 2147483647;
			files = (
				890B86632BBB7EDE001E0BAE /* tdd_blogTests.swift in Sources */,
			);
			runOnlyForDeploymentPostprocessing = 0;
		};
		890B86642BBB7EDE001E0BAE /* Sources */ = {
			isa = PBXSourcesBuildPhase;
			buildActionMask = 2147483647;
			files = (
				890B866F2BBB7EDE001E0BAE /* tdd_blogUITestsLaunchTests.swift in Sources */,
				890B866D2BBB7EDE001E0BAE /* tdd_blogUITests.swift in Sources */,
			);
			runOnlyForDeploymentPostprocessing = 0;
		};
/* End PBXSourcesBuildPhase section */

/* Begin PBXTargetDependency section */
		890B86602BBB7EDE001E0BAE /* PBXTargetDependency */ = {
			isa = PBXTargetDependency;
			target = 890B86472BBB7EDB001E0BAE /* tdd-blog */;
			targetProxy = 890B865F2BBB7EDE001E0BAE /* PBXContainerItemProxy */;
		};
		890B866A2BBB7EDE001E0BAE /* PBXTargetDependency */ = {
			isa = PBXTargetDependency;
			target = 890B86472BBB7EDB001E0BAE /* tdd-blog */;
			targetProxy = 890B86692BBB7EDE001E0BAE /* PBXContainerItemProxy */;
		};
/* End PBXTargetDependency section */

/* Begin PBXVariantGroup section */
		890B86512BBB7EDC001E0BAE /* Main.storyboard */ = {
			isa = PBXVariantGroup;
			children = (
				890B86522BBB7EDC001E0BAE /* Base */,
			);
			name = Main.storyboard;
			sourceTree = "<group>";
		};
		890B86562BBB7EDE001E0BAE /* LaunchScreen.storyboard */ = {
			isa = PBXVariantGroup;
			children = (
				890B86572BBB7EDE001E0BAE /* Base */,
			);
			name = LaunchScreen.storyboard;
			sourceTree = "<group>";
		};
/* End PBXVariantGroup section */

/* Begin XCBuildConfiguration section */
		890B86702BBB7EDE001E0BAE /* Debug */ = {
			isa = XCBuildConfiguration;
			buildSettings = {
				ALWAYS_SEARCH_USER_PATHS = NO;
				ASSETCATALOG_COMPILER_GENERATE_SWIFT_ASSET_SYMBOL_EXTENSIONS = YES;
				CLANG_ANALYZER_NONNULL = YES;
				CLANG_ANALYZER_NUMBER_OBJECT_CONVERSION = YES_AGGRESSIVE;
				CLANG_CXX_LANGUAGE_STANDARD = "gnu++20";
				CLANG_ENABLE_MODULES = YES;
				CLANG_ENABLE_OBJC_ARC = YES;
				CLANG_ENABLE_OBJC_WEAK = YES;
				CLANG_WARN_BLOCK_CAPTURE_AUTORELEASING = YES;
				CLANG_WARN_BOOL_CONVERSION = YES;
				CLANG_WARN_COMMA = YES;
				CLANG_WARN_CONSTANT_CONVERSION = YES;
				CLANG_WARN_DEPRECATED_OBJC_IMPLEMENTATIONS = YES;
				CLANG_WARN_DIRECT_OBJC_ISA_USAGE = YES_ERROR;
				CLANG_WARN_DOCUMENTATION_COMMENTS = YES;
				CLANG_WARN_EMPTY_BODY = YES;
				CLANG_WARN_ENUM_CONVERSION = YES;
				CLANG_WARN_INFINITE_RECURSION = YES;
				CLANG_WARN_INT_CONVERSION = YES;
				CLANG_WARN_NON_LITERAL_NULL_CONVERSION = YES;
				CLANG_WARN_OBJC_IMPLICIT_RETAIN_SELF = YES;
				CLANG_WARN_OBJC_LITERAL_CONVERSION = YES;
				CLANG_WARN_OBJC_ROOT_CLASS = YES_ERROR;
				CLANG_WARN_QUOTED_INCLUDE_IN_FRAMEWORK_HEADER = YES;
				CLANG_WARN_RANGE_LOOP_ANALYSIS = YES;
				CLANG_WARN_STRICT_PROTOTYPES = YES;
				CLANG_WARN_SUSPICIOUS_MOVE = YES;
				CLANG_WARN_UNGUARDED_AVAILABILITY = YES_AGGRESSIVE;
				CLANG_WARN_UNREACHABLE_CODE = YES;
				CLANG_WARN__DUPLICATE_METHOD_MATCH = YES;
				COPY_PHASE_STRIP = NO;
				DEBUG_INFORMATION_FORMAT = dwarf;
				ENABLE_STRICT_OBJC_MSGSEND = YES;
				ENABLE_TESTABILITY = YES;
				ENABLE_USER_SCRIPT_SANDBOXING = YES;
				GCC_C_LANGUAGE_STANDARD = gnu17;
				GCC_DYNAMIC_NO_PIC = NO;
				GCC_NO_COMMON_BLOCKS = YES;
				GCC_OPTIMIZATION_LEVEL = 0;
				GCC_PREPROCESSOR_DEFINITIONS = (
					"DEBUG=1",
					"$(inherited)",
				);
				GCC_WARN_64_TO_32_BIT_CONVERSION = YES;
				GCC_WARN_ABOUT_RETURN_TYPE = YES_ERROR;
				GCC_WARN_UNDECLARED_SELECTOR = YES;
				GCC_WARN_UNINITIALIZED_AUTOS = YES_AGGRESSIVE;
				GCC_WARN_UNUSED_FUNCTION = YES;
				GCC_WARN_UNUSED_VARIABLE = YES;
				IPHONEOS_DEPLOYMENT_TARGET = 17.2;
				LOCALIZATION_PREFERS_STRING_CATALOGS = YES;
				MTL_ENABLE_DEBUG_INFO = INCLUDE_SOURCE;
				MTL_FAST_MATH = YES;
				ONLY_ACTIVE_ARCH = YES;
				SDKROOT = iphoneos;
				SWIFT_ACTIVE_COMPILATION_CONDITIONS = "DEBUG $(inherited)";
				SWIFT_OPTIMIZATION_LEVEL = "-Onone";
			};
			name = Debug;
		};
		890B86712BBB7EDE001E0BAE /* Release */ = {
			isa = XCBuildConfiguration;
			buildSettings = {
				ALWAYS_SEARCH_USER_PATHS = NO;
				ASSETCATALOG_COMPILER_GENERATE_SWIFT_ASSET_SYMBOL_EXTENSIONS = YES;
				CLANG_ANALYZER_NONNULL = YES;
				CLANG_ANALYZER_NUMBER_OBJECT_CONVERSION = YES_AGGRESSIVE;
				CLANG_CXX_LANGUAGE_STANDARD = "gnu++20";
				CLANG_ENABLE_MODULES = YES;
				CLANG_ENABLE_OBJC_ARC = YES;
				CLANG_ENABLE_OBJC_WEAK = YES;
				CLANG_WARN_BLOCK_CAPTURE_AUTORELEASING = YES;
				CLANG_WARN_BOOL_CONVERSION = YES;
				CLANG_WARN_COMMA = YES;
				CLANG_WARN_CONSTANT_CONVERSION = YES;
				CLANG_WARN_DEPRECATED_OBJC_IMPLEMENTATIONS = YES;
				CLANG_WARN_DIRECT_OBJC_ISA_USAGE = YES_ERROR;
				CLANG_WARN_DOCUMENTATION_COMMENTS = YES;
				CLANG_WARN_EMPTY_BODY = YES;
				CLANG_WARN_ENUM_CONVERSION = YES;
				CLANG_WARN_INFINITE_RECURSION = YES;
				CLANG_WARN_INT_CONVERSION = YES;
				CLANG_WARN_NON_LITERAL_NULL_CONVERSION = YES;
				CLANG_WARN_OBJC_IMPLICIT_RETAIN_SELF = YES;
				CLANG_WARN_OBJC_LITERAL_CONVERSION = YES;
				CLANG_WARN_OBJC_ROOT_CLASS = YES_ERROR;
				CLANG_WARN_QUOTED_INCLUDE_IN_FRAMEWORK_HEADER = YES;
				CLANG_WARN_RANGE_LOOP_ANALYSIS = YES;
				CLANG_WARN_STRICT_PROTOTYPES = YES;
				CLANG_WARN_SUSPICIOUS_MOVE = YES;
				CLANG_WARN_UNGUARDED_AVAILABILITY = YES_AGGRESSIVE;
				CLANG_WARN_UNREACHABLE_CODE = YES;
				CLANG_WARN__DUPLICATE_METHOD_MATCH = YES;
				COPY_PHASE_STRIP = NO;
				DEBUG_INFORMATION_FORMAT = "dwarf-with-dsym";
				ENABLE_NS_ASSERTIONS = NO;
				ENABLE_STRICT_OBJC_MSGSEND = YES;
				ENABLE_USER_SCRIPT_SANDBOXING = YES;
				GCC_C_LANGUAGE_STANDARD = gnu17;
				GCC_NO_COMMON_BLOCKS = YES;
				GCC_WARN_64_TO_32_BIT_CONVERSION = YES;
				GCC_WARN_ABOUT_RETURN_TYPE = YES_ERROR;
				GCC_WARN_UNDECLARED_SELECTOR = YES;
				GCC_WARN_UNINITIALIZED_AUTOS = YES_AGGRESSIVE;
				GCC_WARN_UNUSED_FUNCTION = YES;
				GCC_WARN_UNUSED_VARIABLE = YES;
				IPHONEOS_DEPLOYMENT_TARGET = 17.2;
				LOCALIZATION_PREFERS_STRING_CATALOGS = YES;
				MTL_ENABLE_DEBUG_INFO = NO;
				MTL_FAST_MATH = YES;
				SDKROOT = iphoneos;
				SWIFT_COMPILATION_MODE = wholemodule;
				VALIDATE_PRODUCT = YES;
			};
			name = Release;
		};
		890B86732BBB7EDE001E0BAE /* Debug */ = {
			isa = XCBuildConfiguration;
			baseConfigurationReference = 1A45E0053F0EB85472F2C374 /* Pods-tdd-blog.debug.xcconfig */;
			buildSettings = {
				ASSETCATALOG_COMPILER_APPICON_NAME = AppIcon;
				ASSETCATALOG_COMPILER_GLOBAL_ACCENT_COLOR_NAME = AccentColor;
				CODE_SIGN_STYLE = Automatic;
				CURRENT_PROJECT_VERSION = 1;
				DEVELOPMENT_TEAM = CU66JGTWPD;
				GENERATE_INFOPLIST_FILE = YES;
				INFOPLIST_FILE = "tdd-blog/Info.plist";
				INFOPLIST_KEY_UIApplicationSupportsIndirectInputEvents = YES;
				INFOPLIST_KEY_UILaunchStoryboardName = LaunchScreen;
				INFOPLIST_KEY_UIMainStoryboardFile = Main;
				INFOPLIST_KEY_UISupportedInterfaceOrientations_iPad = "UIInterfaceOrientationPortrait UIInterfaceOrientationPortraitUpsideDown UIInterfaceOrientationLandscapeLeft UIInterfaceOrientationLandscapeRight";
				INFOPLIST_KEY_UISupportedInterfaceOrientations_iPhone = "UIInterfaceOrientationPortrait UIInterfaceOrientationLandscapeLeft UIInterfaceOrientationLandscapeRight";
				LD_RUNPATH_SEARCH_PATHS = (
					"$(inherited)",
					"@executable_path/Frameworks",
				);
				MARKETING_VERSION = 1.0;
				PRODUCT_BUNDLE_IDENTIFIER = "com.fishstix.tdd-blog";
				PRODUCT_NAME = "$(TARGET_NAME)";
				SWIFT_EMIT_LOC_STRINGS = YES;
				SWIFT_VERSION = 5.0;
				TARGETED_DEVICE_FAMILY = "1,2";
			};
			name = Debug;
		};
		890B86742BBB7EDE001E0BAE /* Release */ = {
			isa = XCBuildConfiguration;
			baseConfigurationReference = A7CD349B0729A6F4C4EE4711 /* Pods-tdd-blog.release.xcconfig */;
			buildSettings = {
				ASSETCATALOG_COMPILER_APPICON_NAME = AppIcon;
				ASSETCATALOG_COMPILER_GLOBAL_ACCENT_COLOR_NAME = AccentColor;
				CODE_SIGN_STYLE = Automatic;
				CURRENT_PROJECT_VERSION = 1;
				DEVELOPMENT_TEAM = CU66JGTWPD;
				GENERATE_INFOPLIST_FILE = YES;
				INFOPLIST_FILE = "tdd-blog/Info.plist";
				INFOPLIST_KEY_UIApplicationSupportsIndirectInputEvents = YES;
				INFOPLIST_KEY_UILaunchStoryboardName = LaunchScreen;
				INFOPLIST_KEY_UIMainStoryboardFile = Main;
				INFOPLIST_KEY_UISupportedInterfaceOrientations_iPad = "UIInterfaceOrientationPortrait UIInterfaceOrientationPortraitUpsideDown UIInterfaceOrientationLandscapeLeft UIInterfaceOrientationLandscapeRight";
				INFOPLIST_KEY_UISupportedInterfaceOrientations_iPhone = "UIInterfaceOrientationPortrait UIInterfaceOrientationLandscapeLeft UIInterfaceOrientationLandscapeRight";
				LD_RUNPATH_SEARCH_PATHS = (
					"$(inherited)",
					"@executable_path/Frameworks",
				);
				MARKETING_VERSION = 1.0;
				PRODUCT_BUNDLE_IDENTIFIER = "com.fishstix.tdd-blog";
				PRODUCT_NAME = "$(TARGET_NAME)";
				SWIFT_EMIT_LOC_STRINGS = YES;
				SWIFT_VERSION = 5.0;
				TARGETED_DEVICE_FAMILY = "1,2";
			};
			name = Release;
		};
		890B86762BBB7EDE001E0BAE /* Debug */ = {
			isa = XCBuildConfiguration;
			baseConfigurationReference = 5CDB914CFA99FFFD0010960A /* Pods-tdd-blogTests.debug.xcconfig */;
			buildSettings = {
				ALWAYS_EMBED_SWIFT_STANDARD_LIBRARIES = YES;
				BUNDLE_LOADER = "$(TEST_HOST)";
				CODE_SIGN_STYLE = Automatic;
				CURRENT_PROJECT_VERSION = 1;
				DEVELOPMENT_TEAM = CU66JGTWPD;
				GENERATE_INFOPLIST_FILE = YES;
				IPHONEOS_DEPLOYMENT_TARGET = 17.2;
				MARKETING_VERSION = 1.0;
				PRODUCT_BUNDLE_IDENTIFIER = "com.fishstix.tdd-blogTests";
				PRODUCT_NAME = "$(TARGET_NAME)";
				SWIFT_EMIT_LOC_STRINGS = NO;
				SWIFT_VERSION = 5.0;
				TARGETED_DEVICE_FAMILY = "1,2";
				TEST_HOST = "$(BUILT_PRODUCTS_DIR)/tdd-blog.app/$(BUNDLE_EXECUTABLE_FOLDER_PATH)/tdd-blog";
			};
			name = Debug;
		};
		890B86772BBB7EDE001E0BAE /* Release */ = {
			isa = XCBuildConfiguration;
			baseConfigurationReference = 515ADB35B3BC868564E6B9D1 /* Pods-tdd-blogTests.release.xcconfig */;
			buildSettings = {
				ALWAYS_EMBED_SWIFT_STANDARD_LIBRARIES = YES;
				BUNDLE_LOADER = "$(TEST_HOST)";
				CODE_SIGN_STYLE = Automatic;
				CURRENT_PROJECT_VERSION = 1;
				DEVELOPMENT_TEAM = CU66JGTWPD;
				GENERATE_INFOPLIST_FILE = YES;
				IPHONEOS_DEPLOYMENT_TARGET = 17.2;
				MARKETING_VERSION = 1.0;
				PRODUCT_BUNDLE_IDENTIFIER = "com.fishstix.tdd-blogTests";
				PRODUCT_NAME = "$(TARGET_NAME)";
				SWIFT_EMIT_LOC_STRINGS = NO;
				SWIFT_VERSION = 5.0;
				TARGETED_DEVICE_FAMILY = "1,2";
				TEST_HOST = "$(BUILT_PRODUCTS_DIR)/tdd-blog.app/$(BUNDLE_EXECUTABLE_FOLDER_PATH)/tdd-blog";
			};
			name = Release;
		};
		890B86792BBB7EDE001E0BAE /* Debug */ = {
			isa = XCBuildConfiguration;
			buildSettings = {
				ALWAYS_EMBED_SWIFT_STANDARD_LIBRARIES = YES;
				CODE_SIGN_STYLE = Automatic;
				CURRENT_PROJECT_VERSION = 1;
				DEVELOPMENT_TEAM = CU66JGTWPD;
				GENERATE_INFOPLIST_FILE = YES;
				MARKETING_VERSION = 1.0;
				PRODUCT_BUNDLE_IDENTIFIER = "com.fishstix.tdd-blogUITests";
				PRODUCT_NAME = "$(TARGET_NAME)";
				SWIFT_EMIT_LOC_STRINGS = NO;
				SWIFT_VERSION = 5.0;
				TARGETED_DEVICE_FAMILY = "1,2";
				TEST_TARGET_NAME = "tdd-blog";
			};
			name = Debug;
		};
		890B867A2BBB7EDE001E0BAE /* Release */ = {
			isa = XCBuildConfiguration;
			buildSettings = {
				ALWAYS_EMBED_SWIFT_STANDARD_LIBRARIES = YES;
				CODE_SIGN_STYLE = Automatic;
				CURRENT_PROJECT_VERSION = 1;
				DEVELOPMENT_TEAM = CU66JGTWPD;
				GENERATE_INFOPLIST_FILE = YES;
				MARKETING_VERSION = 1.0;
				PRODUCT_BUNDLE_IDENTIFIER = "com.fishstix.tdd-blogUITests";
				PRODUCT_NAME = "$(TARGET_NAME)";
				SWIFT_EMIT_LOC_STRINGS = NO;
				SWIFT_VERSION = 5.0;
				TARGETED_DEVICE_FAMILY = "1,2";
				TEST_TARGET_NAME = "tdd-blog";
			};
			name = Release;
		};
/* End XCBuildConfiguration section */

/* Begin XCConfigurationList section */
		890B86432BBB7EDB001E0BAE /* Build configuration list for PBXProject "tdd-blog" */ = {
			isa = XCConfigurationList;
			buildConfigurations = (
				890B86702BBB7EDE001E0BAE /* Debug */,
				890B86712BBB7EDE001E0BAE /* Release */,
			);
			defaultConfigurationIsVisible = 0;
			defaultConfigurationName = Release;
		};
		890B86722BBB7EDE001E0BAE /* Build configuration list for PBXNativeTarget "tdd-blog" */ = {
			isa = XCConfigurationList;
			buildConfigurations = (
				890B86732BBB7EDE001E0BAE /* Debug */,
				890B86742BBB7EDE001E0BAE /* Release */,
			);
			defaultConfigurationIsVisible = 0;
			defaultConfigurationName = Release;
		};
		890B86752BBB7EDE001E0BAE /* Build configuration list for PBXNativeTarget "tdd-blogTests" */ = {
			isa = XCConfigurationList;
			buildConfigurations = (
				890B86762BBB7EDE001E0BAE /* Debug */,
				890B86772BBB7EDE001E0BAE /* Release */,
			);
			defaultConfigurationIsVisible = 0;
			defaultConfigurationName = Release;
		};
		890B86782BBB7EDE001E0BAE /* Build configuration list for PBXNativeTarget "tdd-blogUITests" */ = {
			isa = XCConfigurationList;
			buildConfigurations = (
				890B86792BBB7EDE001E0BAE /* Debug */,
				890B867A2BBB7EDE001E0BAE /* Release */,
			);
			defaultConfigurationIsVisible = 0;
			defaultConfigurationName = Release;
		};
/* End XCConfigurationList section */
	};
	rootObject = 890B86402BBB7EDB001E0BAE /* Project object */;
}
